// !$*UTF8*$!
{
	archiveVersion = 1;
	classes = {
	};
	objectVersion = 46;
	objects = {

/* Begin PBXBuildFile section */
		3A267D5D1C28C50C0000D8B1 /* AllEmoji.json in Resources */ = {isa = PBXBuildFile; fileRef = 3A267D5C1C28C50C0000D8B1 /* AllEmoji.json */; };
		3A457AC01C28CBAD00C35867 /* Mixpanel.framework in Frameworks */ = {isa = PBXBuildFile; fileRef = 3A457ABF1C28CBAD00C35867 /* Mixpanel.framework */; };
		3A457AC21C28CD5200C35867 /* Analytics.swift in Sources */ = {isa = PBXBuildFile; fileRef = 3A457AC11C28CD5200C35867 /* Analytics.swift */; };
		3A8F5EDF1C27285E00F394CA /* AppDelegate.swift in Sources */ = {isa = PBXBuildFile; fileRef = 3A8F5EDE1C27285E00F394CA /* AppDelegate.swift */; };
		3A8F5EE11C27285E00F394CA /* SearchViewController.swift in Sources */ = {isa = PBXBuildFile; fileRef = 3A8F5EE01C27285E00F394CA /* SearchViewController.swift */; };
		3A8F5EE61C27285E00F394CA /* Assets.xcassets in Resources */ = {isa = PBXBuildFile; fileRef = 3A8F5EE51C27285E00F394CA /* Assets.xcassets */; };
		3A8F5EE91C27285E00F394CA /* LaunchScreen.storyboard in Resources */ = {isa = PBXBuildFile; fileRef = 3A8F5EE71C27285E00F394CA /* LaunchScreen.storyboard */; };
		3A8F5EF11C272A8300F394CA /* SearchView.swift in Sources */ = {isa = PBXBuildFile; fileRef = 3A8F5EF01C272A8300F394CA /* SearchView.swift */; };
		3A8F5EF61C27363D00F394CA /* SVProgressHUD.framework in Frameworks */ = {isa = PBXBuildFile; fileRef = 3A8F5EF51C27363D00F394CA /* SVProgressHUD.framework */; };
		3AF144BD1C2770F900BA2089 /* Emoji.swift in Sources */ = {isa = PBXBuildFile; fileRef = 3AF144BC1C2770F900BA2089 /* Emoji.swift */; };
		3AF144BF1C27716500BA2089 /* EmojiFetcher.swift in Sources */ = {isa = PBXBuildFile; fileRef = 3AF144BE1C27716500BA2089 /* EmojiFetcher.swift */; };
/* End PBXBuildFile section */

/* Begin PBXFileReference section */
		3A267D5C1C28C50C0000D8B1 /* AllEmoji.json */ = {isa = PBXFileReference; fileEncoding = 4; lastKnownFileType = text.json; path = AllEmoji.json; sourceTree = "<group>"; };
		3A457ABF1C28CBAD00C35867 /* Mixpanel.framework */ = {isa = PBXFileReference; lastKnownFileType = wrapper.framework; name = Mixpanel.framework; path = ../Carthage/Build/iOS/Mixpanel.framework; sourceTree = "<group>"; };
		3A457AC11C28CD5200C35867 /* Analytics.swift */ = {isa = PBXFileReference; fileEncoding = 4; lastKnownFileType = sourcecode.swift; path = Analytics.swift; sourceTree = "<group>"; };
		3A8F5EDB1C27285E00F394CA /* Paste.app */ = {isa = PBXFileReference; explicitFileType = wrapper.application; includeInIndex = 0; path = Paste.app; sourceTree = BUILT_PRODUCTS_DIR; };
		3A8F5EDE1C27285E00F394CA /* AppDelegate.swift */ = {isa = PBXFileReference; lastKnownFileType = sourcecode.swift; path = AppDelegate.swift; sourceTree = "<group>"; };
		3A8F5EE01C27285E00F394CA /* SearchViewController.swift */ = {isa = PBXFileReference; lastKnownFileType = sourcecode.swift; path = SearchViewController.swift; sourceTree = "<group>"; };
		3A8F5EE51C27285E00F394CA /* Assets.xcassets */ = {isa = PBXFileReference; lastKnownFileType = folder.assetcatalog; path = Assets.xcassets; sourceTree = "<group>"; };
		3A8F5EE81C27285E00F394CA /* Base */ = {isa = PBXFileReference; lastKnownFileType = file.storyboard; name = Base; path = Base.lproj/LaunchScreen.storyboard; sourceTree = "<group>"; };
		3A8F5EEA1C27285E00F394CA /* Info.plist */ = {isa = PBXFileReference; lastKnownFileType = text.plist.xml; path = Info.plist; sourceTree = "<group>"; };
		3A8F5EF01C272A8300F394CA /* SearchView.swift */ = {isa = PBXFileReference; fileEncoding = 4; lastKnownFileType = sourcecode.swift; path = SearchView.swift; sourceTree = "<group>"; };
		3A8F5EF51C27363D00F394CA /* SVProgressHUD.framework */ = {isa = PBXFileReference; lastKnownFileType = wrapper.framework; name = SVProgressHUD.framework; path = ../Carthage/Build/iOS/SVProgressHUD.framework; sourceTree = "<group>"; };
		3AF144BC1C2770F900BA2089 /* Emoji.swift */ = {isa = PBXFileReference; fileEncoding = 4; lastKnownFileType = sourcecode.swift; path = Emoji.swift; sourceTree = "<group>"; };
		3AF144BE1C27716500BA2089 /* EmojiFetcher.swift */ = {isa = PBXFileReference; fileEncoding = 4; lastKnownFileType = sourcecode.swift; path = EmojiFetcher.swift; sourceTree = "<group>"; };
/* End PBXFileReference section */

/* Begin PBXFrameworksBuildPhase section */
		3A8F5ED81C27285E00F394CA /* Frameworks */ = {
			isa = PBXFrameworksBuildPhase;
			buildActionMask = 2147483647;
			files = (
				3A457AC01C28CBAD00C35867 /* Mixpanel.framework in Frameworks */,
				3A8F5EF61C27363D00F394CA /* SVProgressHUD.framework in Frameworks */,
			);
			runOnlyForDeploymentPostprocessing = 0;
		};
/* End PBXFrameworksBuildPhase section */

/* Begin PBXGroup section */
		3A8F5ED21C27285E00F394CA = {
			isa = PBXGroup;
			children = (
				3A8F5EDD1C27285E00F394CA /* Paste */,
				3A8F5EDC1C27285E00F394CA /* Products */,
			);
			sourceTree = "<group>";
		};
		3A8F5EDC1C27285E00F394CA /* Products */ = {
			isa = PBXGroup;
			children = (
				3A8F5EDB1C27285E00F394CA /* Paste.app */,
			);
			name = Products;
			sourceTree = "<group>";
		};
		3A8F5EDD1C27285E00F394CA /* Paste */ = {
			isa = PBXGroup;
			children = (
				3A8F5EDE1C27285E00F394CA /* AppDelegate.swift */,
				3A8F5EE01C27285E00F394CA /* SearchViewController.swift */,
				3A8F5EF01C272A8300F394CA /* SearchView.swift */,
				3AF144BC1C2770F900BA2089 /* Emoji.swift */,
				3AF144BE1C27716500BA2089 /* EmojiFetcher.swift */,
				3A457AC11C28CD5200C35867 /* Analytics.swift */,
				3A267D5C1C28C50C0000D8B1 /* AllEmoji.json */,
				3A8F5EE51C27285E00F394CA /* Assets.xcassets */,
				3A8F5EE71C27285E00F394CA /* LaunchScreen.storyboard */,
				3A8F5EEA1C27285E00F394CA /* Info.plist */,
				3A8F5EF71C27364300F394CA /* Frameworks */,
			);
			path = Paste;
			sourceTree = "<group>";
		};
		3A8F5EF71C27364300F394CA /* Frameworks */ = {
			isa = PBXGroup;
			children = (
				3A457ABF1C28CBAD00C35867 /* Mixpanel.framework */,
				3A8F5EF51C27363D00F394CA /* SVProgressHUD.framework */,
			);
			name = Frameworks;
			sourceTree = "<group>";
		};
/* End PBXGroup section */

/* Begin PBXNativeTarget section */
		3A8F5EDA1C27285E00F394CA /* Paste */ = {
			isa = PBXNativeTarget;
			buildConfigurationList = 3A8F5EED1C27285E00F394CA /* Build configuration list for PBXNativeTarget "Paste" */;
			buildPhases = (
				3A8F5ED71C27285E00F394CA /* Sources */,
				3A8F5ED81C27285E00F394CA /* Frameworks */,
				3A8F5ED91C27285E00F394CA /* Resources */,
				3A8F5EF81C2736BA00F394CA /* Carthage Copy Frameworks */,
			);
			buildRules = (
			);
			dependencies = (
			);
			name = Paste;
			productName = Paste;
			productReference = 3A8F5EDB1C27285E00F394CA /* Paste.app */;
			productType = "com.apple.product-type.application";
		};
/* End PBXNativeTarget section */

/* Begin PBXProject section */
		3A8F5ED31C27285E00F394CA /* Project object */ = {
			isa = PBXProject;
			attributes = {
				LastSwiftUpdateCheck = 0720;
				LastUpgradeCheck = 0720;
				ORGANIZATIONNAME = "Dastronics Inc.";
				TargetAttributes = {
					3A8F5EDA1C27285E00F394CA = {
						CreatedOnToolsVersion = 7.2;
					};
				};
			};
			buildConfigurationList = 3A8F5ED61C27285E00F394CA /* Build configuration list for PBXProject "Paste" */;
			compatibilityVersion = "Xcode 3.2";
			developmentRegion = English;
			hasScannedForEncodings = 0;
			knownRegions = (
				en,
				Base,
			);
			mainGroup = 3A8F5ED21C27285E00F394CA;
			productRefGroup = 3A8F5EDC1C27285E00F394CA /* Products */;
			projectDirPath = "";
			projectRoot = "";
			targets = (
				3A8F5EDA1C27285E00F394CA /* Paste */,
			);
		};
/* End PBXProject section */

/* Begin PBXResourcesBuildPhase section */
		3A8F5ED91C27285E00F394CA /* Resources */ = {
			isa = PBXResourcesBuildPhase;
			buildActionMask = 2147483647;
			files = (
				3A267D5D1C28C50C0000D8B1 /* AllEmoji.json in Resources */,
				3A8F5EE91C27285E00F394CA /* LaunchScreen.storyboard in Resources */,
				3A8F5EE61C27285E00F394CA /* Assets.xcassets in Resources */,
			);
			runOnlyForDeploymentPostprocessing = 0;
		};
/* End PBXResourcesBuildPhase section */

/* Begin PBXShellScriptBuildPhase section */
		3A8F5EF81C2736BA00F394CA /* Carthage Copy Frameworks */ = {
			isa = PBXShellScriptBuildPhase;
			buildActionMask = 2147483647;
			files = (
			);
			inputPaths = (
				"$(SRCROOT)/Carthage/Build/iOS/SVProgressHUD.framework",
				"$(SRCROOT)/Carthage/Build/iOS/Mixpanel.framework",
			);
			name = "Carthage Copy Frameworks";
			outputPaths = (
			);
			runOnlyForDeploymentPostprocessing = 0;
			shellPath = /bin/sh;
			shellScript = "/usr/local/bin/carthage copy-frameworks";
		};
/* End PBXShellScriptBuildPhase section */

/* Begin PBXSourcesBuildPhase section */
		3A8F5ED71C27285E00F394CA /* Sources */ = {
			isa = PBXSourcesBuildPhase;
			buildActionMask = 2147483647;
			files = (
				3A8F5EE11C27285E00F394CA /* SearchViewController.swift in Sources */,
				3A8F5EF11C272A8300F394CA /* SearchView.swift in Sources */,
				3A457AC21C28CD5200C35867 /* Analytics.swift in Sources */,
				3AF144BD1C2770F900BA2089 /* Emoji.swift in Sources */,
				3AF144BF1C27716500BA2089 /* EmojiFetcher.swift in Sources */,
				3A8F5EDF1C27285E00F394CA /* AppDelegate.swift in Sources */,
			);
			runOnlyForDeploymentPostprocessing = 0;
		};
/* End PBXSourcesBuildPhase section */

/* Begin PBXVariantGroup section */
		3A8F5EE71C27285E00F394CA /* LaunchScreen.storyboard */ = {
			isa = PBXVariantGroup;
			children = (
				3A8F5EE81C27285E00F394CA /* Base */,
			);
			name = LaunchScreen.storyboard;
			sourceTree = "<group>";
		};
/* End PBXVariantGroup section */

/* Begin XCBuildConfiguration section */
		3A8F5EEB1C27285E00F394CA /* Debug */ = {
			isa = XCBuildConfiguration;
			buildSettings = {
				ALWAYS_SEARCH_USER_PATHS = NO;
				CLANG_CXX_LANGUAGE_STANDARD = "gnu++0x";
				CLANG_CXX_LIBRARY = "libc++";
				CLANG_ENABLE_MODULES = YES;
				CLANG_ENABLE_OBJC_ARC = YES;
				CLANG_WARN_BOOL_CONVERSION = YES;
				CLANG_WARN_CONSTANT_CONVERSION = YES;
				CLANG_WARN_DIRECT_OBJC_ISA_USAGE = YES_ERROR;
				CLANG_WARN_EMPTY_BODY = YES;
				CLANG_WARN_ENUM_CONVERSION = YES;
				CLANG_WARN_INT_CONVERSION = YES;
				CLANG_WARN_OBJC_ROOT_CLASS = YES_ERROR;
				CLANG_WARN_UNREACHABLE_CODE = YES;
				CLANG_WARN__DUPLICATE_METHOD_MATCH = YES;
				"CODE_SIGN_IDENTITY[sdk=iphoneos*]" = "iPhone Developer";
				COPY_PHASE_STRIP = NO;
				DEBUG_INFORMATION_FORMAT = dwarf;
				ENABLE_STRICT_OBJC_MSGSEND = YES;
				ENABLE_TESTABILITY = YES;
				GCC_C_LANGUAGE_STANDARD = gnu99;
				GCC_DYNAMIC_NO_PIC = NO;
				GCC_NO_COMMON_BLOCKS = YES;
				GCC_OPTIMIZATION_LEVEL = 0;
				GCC_PREPROCESSOR_DEFINITIONS = (
					"DEBUG=1",
					"$(inherited)",
				);
				GCC_WARN_64_TO_32_BIT_CONVERSION = YES;
				GCC_WARN_ABOUT_RETURN_TYPE = YES_ERROR;
				GCC_WARN_UNDECLARED_SELECTOR = YES;
				GCC_WARN_UNINITIALIZED_AUTOS = YES_AGGRESSIVE;
				GCC_WARN_UNUSED_FUNCTION = YES;
				GCC_WARN_UNUSED_VARIABLE = YES;
				IPHONEOS_DEPLOYMENT_TARGET = 9.2;
				MTL_ENABLE_DEBUG_INFO = YES;
				ONLY_ACTIVE_ARCH = YES;
				SDKROOT = iphoneos;
				SWIFT_OPTIMIZATION_LEVEL = "-Onone";
				TARGETED_DEVICE_FAMILY = "1,2";
			};
			name = Debug;
		};
		3A8F5EEC1C27285E00F394CA /* Release */ = {
			isa = XCBuildConfiguration;
			buildSettings = {
				ALWAYS_SEARCH_USER_PATHS = NO;
				CLANG_CXX_LANGUAGE_STANDARD = "gnu++0x";
				CLANG_CXX_LIBRARY = "libc++";
				CLANG_ENABLE_MODULES = YES;
				CLANG_ENABLE_OBJC_ARC = YES;
				CLANG_WARN_BOOL_CONVERSION = YES;
				CLANG_WARN_CONSTANT_CONVERSION = YES;
				CLANG_WARN_DIRECT_OBJC_ISA_USAGE = YES_ERROR;
				CLANG_WARN_EMPTY_BODY = YES;
				CLANG_WARN_ENUM_CONVERSION = YES;
				CLANG_WARN_INT_CONVERSION = YES;
				CLANG_WARN_OBJC_ROOT_CLASS = YES_ERROR;
				CLANG_WARN_UNREACHABLE_CODE = YES;
				CLANG_WARN__DUPLICATE_METHOD_MATCH = YES;
				"CODE_SIGN_IDENTITY[sdk=iphoneos*]" = "iPhone Developer";
				COPY_PHASE_STRIP = NO;
				DEBUG_INFORMATION_FORMAT = "dwarf-with-dsym";
				ENABLE_NS_ASSERTIONS = NO;
				ENABLE_STRICT_OBJC_MSGSEND = YES;
				GCC_C_LANGUAGE_STANDARD = gnu99;
				GCC_NO_COMMON_BLOCKS = YES;
				GCC_WARN_64_TO_32_BIT_CONVERSION = YES;
				GCC_WARN_ABOUT_RETURN_TYPE = YES_ERROR;
				GCC_WARN_UNDECLARED_SELECTOR = YES;
				GCC_WARN_UNINITIALIZED_AUTOS = YES_AGGRESSIVE;
				GCC_WARN_UNUSED_FUNCTION = YES;
				GCC_WARN_UNUSED_VARIABLE = YES;
				IPHONEOS_DEPLOYMENT_TARGET = 9.2;
				MTL_ENABLE_DEBUG_INFO = NO;
				SDKROOT = iphoneos;
				TARGETED_DEVICE_FAMILY = "1,2";
				VALIDATE_PRODUCT = YES;
			};
			name = Release;
		};
		3A8F5EEE1C27285E00F394CA /* Debug */ = {
			isa = XCBuildConfiguration;
			buildSettings = {
				ASSETCATALOG_COMPILER_APPICON_NAME = AppIcon;
				FRAMEWORK_SEARCH_PATHS = (
					"$(inherited)",
					"$(PROJECT_DIR)/Carthage/Build/iOS",
				);
				INFOPLIST_FILE = Paste/Info.plist;
				IPHONEOS_DEPLOYMENT_TARGET = 9.0;
				LD_RUNPATH_SEARCH_PATHS = "$(inherited) @executable_path/Frameworks";
				PRODUCT_BUNDLE_IDENTIFIER = com.dastronics.Paste;
				PRODUCT_NAME = "$(TARGET_NAME)";
			};
			name = Debug;
		};
		3A8F5EEF1C27285E00F394CA /* Release */ = {
			isa = XCBuildConfiguration;
			buildSettings = {
				ASSETCATALOG_COMPILER_APPICON_NAME = AppIcon;
				FRAMEWORK_SEARCH_PATHS = (
					"$(inherited)",
					"$(PROJECT_DIR)/Carthage/Build/iOS",
				);
				INFOPLIST_FILE = Paste/Info.plist;
				IPHONEOS_DEPLOYMENT_TARGET = 9.0;
				LD_RUNPATH_SEARCH_PATHS = "$(inherited) @executable_path/Frameworks";
				PRODUCT_BUNDLE_IDENTIFIER = com.dastronics.Paste;
				PRODUCT_NAME = "$(TARGET_NAME)";
			};
			name = Release;
		};
/* End XCBuildConfiguration section */

/* Begin XCConfigurationList section */
		3A8F5ED61C27285E00F394CA /* Build configuration list for PBXProject "Paste" */ = {
			isa = XCConfigurationList;
			buildConfigurations = (
				3A8F5EEB1C27285E00F394CA /* Debug */,
				3A8F5EEC1C27285E00F394CA /* Release */,
			);
			defaultConfigurationIsVisible = 0;
			defaultConfigurationName = Release;
		};
		3A8F5EED1C27285E00F394CA /* Build configuration list for PBXNativeTarget "Paste" */ = {
			isa = XCConfigurationList;
			buildConfigurations = (
				3A8F5EEE1C27285E00F394CA /* Debug */,
				3A8F5EEF1C27285E00F394CA /* Release */,
			);
			defaultConfigurationIsVisible = 0;
			defaultConfigurationName = Release;
		};
/* End XCConfigurationList section */
	};
	rootObject = 3A8F5ED31C27285E00F394CA /* Project object */;
}
